// !$*UTF8*$!
{
	archiveVersion = 1;
	classes = {
	};
	objectVersion = 50;
	objects = {

/* Begin PBXBuildFile section */
		847E098F27DEFA3B0067E936 /* AppDelegate.swift in Sources */ = {isa = PBXBuildFile; fileRef = 847E098E27DEFA3B0067E936 /* AppDelegate.swift */; };
		847E099127DEFA3B0067E936 /* SceneDelegate.swift in Sources */ = {isa = PBXBuildFile; fileRef = 847E099027DEFA3B0067E936 /* SceneDelegate.swift */; };
		847E099327DEFA3B0067E936 /* MoviesListViewController.swift in Sources */ = {isa = PBXBuildFile; fileRef = 847E099227DEFA3B0067E936 /* MoviesListViewController.swift */; };
		847E099827DEFA3C0067E936 /* Assets.xcassets in Resources */ = {isa = PBXBuildFile; fileRef = 847E099727DEFA3C0067E936 /* Assets.xcassets */; };
		847E099B27DEFA3C0067E936 /* LaunchScreen.storyboard in Resources */ = {isa = PBXBuildFile; fileRef = 847E099927DEFA3C0067E936 /* LaunchScreen.storyboard */; };
		847E09A427DF31060067E936 /* PopularMovie.swift in Sources */ = {isa = PBXBuildFile; fileRef = 847E09A327DF31060067E936 /* PopularMovie.swift */; };
		847E09A927DF33A80067E936 /* MoviesTable.swift in Sources */ = {isa = PBXBuildFile; fileRef = 847E09A827DF33A80067E936 /* MoviesTable.swift */; };
		847E09AC27DF344B0067E936 /* RefreshControl.swift in Sources */ = {isa = PBXBuildFile; fileRef = 847E09AB27DF344B0067E936 /* RefreshControl.swift */; };
		847E09AE27DF346E0067E936 /* MoviesCell.swift in Sources */ = {isa = PBXBuildFile; fileRef = 847E09AD27DF346E0067E936 /* MoviesCell.swift */; };
		847E09B127DF49120067E936 /* Posters.swift in Sources */ = {isa = PBXBuildFile; fileRef = 847E09B027DF49120067E936 /* Posters.swift */; };
		847E09B427DF496E0067E936 /* NetworkManager.swift in Sources */ = {isa = PBXBuildFile; fileRef = 847E09B327DF496E0067E936 /* NetworkManager.swift */; };
		847E09B727DF4BC50067E936 /* ErrorMessage.swift in Sources */ = {isa = PBXBuildFile; fileRef = 847E09B627DF4BC50067E936 /* ErrorMessage.swift */; };
		847E09B927E0546F0067E936 /* Film.swift in Sources */ = {isa = PBXBuildFile; fileRef = 847E09B827E0546F0067E936 /* Film.swift */; };
		847E09BD27E061AD0067E936 /* MovieDetailsViewController.swift in Sources */ = {isa = PBXBuildFile; fileRef = 847E09BC27E061AD0067E936 /* MovieDetailsViewController.swift */; };
/* End PBXBuildFile section */

/* Begin PBXFileReference section */
		847E098B27DEFA3B0067E936 /* ListMoviesApi.app */ = {isa = PBXFileReference; explicitFileType = wrapper.application; includeInIndex = 0; path = ListMoviesApi.app; sourceTree = BUILT_PRODUCTS_DIR; };
		847E098E27DEFA3B0067E936 /* AppDelegate.swift */ = {isa = PBXFileReference; lastKnownFileType = sourcecode.swift; path = AppDelegate.swift; sourceTree = "<group>"; };
		847E099027DEFA3B0067E936 /* SceneDelegate.swift */ = {isa = PBXFileReference; lastKnownFileType = sourcecode.swift; path = SceneDelegate.swift; sourceTree = "<group>"; };
		847E099227DEFA3B0067E936 /* MoviesListViewController.swift */ = {isa = PBXFileReference; lastKnownFileType = sourcecode.swift; path = MoviesListViewController.swift; sourceTree = "<group>"; };
		847E099727DEFA3C0067E936 /* Assets.xcassets */ = {isa = PBXFileReference; lastKnownFileType = folder.assetcatalog; path = Assets.xcassets; sourceTree = "<group>"; };
		847E099A27DEFA3C0067E936 /* Base */ = {isa = PBXFileReference; lastKnownFileType = file.storyboard; name = Base; path = Base.lproj/LaunchScreen.storyboard; sourceTree = "<group>"; };
		847E099C27DEFA3C0067E936 /* Info.plist */ = {isa = PBXFileReference; lastKnownFileType = text.plist.xml; path = Info.plist; sourceTree = "<group>"; };
		847E09A327DF31060067E936 /* PopularMovie.swift */ = {isa = PBXFileReference; lastKnownFileType = sourcecode.swift; path = PopularMovie.swift; sourceTree = "<group>"; };
		847E09A827DF33A80067E936 /* MoviesTable.swift */ = {isa = PBXFileReference; lastKnownFileType = sourcecode.swift; path = MoviesTable.swift; sourceTree = "<group>"; };
		847E09AB27DF344B0067E936 /* RefreshControl.swift */ = {isa = PBXFileReference; lastKnownFileType = sourcecode.swift; path = RefreshControl.swift; sourceTree = "<group>"; };
		847E09AD27DF346E0067E936 /* MoviesCell.swift */ = {isa = PBXFileReference; lastKnownFileType = sourcecode.swift; path = MoviesCell.swift; sourceTree = "<group>"; };
		847E09B027DF49120067E936 /* Posters.swift */ = {isa = PBXFileReference; lastKnownFileType = sourcecode.swift; path = Posters.swift; sourceTree = "<group>"; };
		847E09B327DF496E0067E936 /* NetworkManager.swift */ = {isa = PBXFileReference; lastKnownFileType = sourcecode.swift; path = NetworkManager.swift; sourceTree = "<group>"; };
		847E09B627DF4BC50067E936 /* ErrorMessage.swift */ = {isa = PBXFileReference; lastKnownFileType = sourcecode.swift; path = ErrorMessage.swift; sourceTree = "<group>"; };
		847E09B827E0546F0067E936 /* Film.swift */ = {isa = PBXFileReference; lastKnownFileType = sourcecode.swift; path = Film.swift; sourceTree = "<group>"; };
		847E09BC27E061AD0067E936 /* MovieDetailsViewController.swift */ = {isa = PBXFileReference; lastKnownFileType = sourcecode.swift; path = MovieDetailsViewController.swift; sourceTree = "<group>"; };
/* End PBXFileReference section */

/* Begin PBXFrameworksBuildPhase section */
		847E098827DEFA3B0067E936 /* Frameworks */ = {
			isa = PBXFrameworksBuildPhase;
			buildActionMask = 2147483647;
			files = (
			);
			runOnlyForDeploymentPostprocessing = 0;
		};
/* End PBXFrameworksBuildPhase section */

/* Begin PBXGroup section */
		847E098227DEFA3B0067E936 = {
			isa = PBXGroup;
			children = (
				847E098D27DEFA3B0067E936 /* ListMoviesApi */,
				847E098C27DEFA3B0067E936 /* Products */,
			);
			sourceTree = "<group>";
		};
		847E098C27DEFA3B0067E936 /* Products */ = {
			isa = PBXGroup;
			children = (
				847E098B27DEFA3B0067E936 /* ListMoviesApi.app */,
			);
			name = Products;
			sourceTree = "<group>";
		};
		847E098D27DEFA3B0067E936 /* ListMoviesApi */ = {
			isa = PBXGroup;
			children = (
				847E09A627DF318B0067E936 /* Resources */,
				847E09A527DF31750067E936 /* Application */,
				847E09A727DF31D10067E936 /* Scenes */,
				847E09A227DF30F80067E936 /* Common */,
			);
			path = ListMoviesApi;
			sourceTree = "<group>";
		};
		847E09A227DF30F80067E936 /* Common */ = {
			isa = PBXGroup;
			children = (
				847E09B527DF4BB50067E936 /* Utilities */,
				847E09B227DF49610067E936 /* Remote */,
				847E09AF27DF48FA0067E936 /* Models */,
				847E09AA27DF343F0067E936 /* Helpers */,
			);
			path = Common;
			sourceTree = "<group>";
		};
		847E09A527DF31750067E936 /* Application */ = {
			isa = PBXGroup;
			children = (
				847E098E27DEFA3B0067E936 /* AppDelegate.swift */,
				847E099027DEFA3B0067E936 /* SceneDelegate.swift */,
			);
			path = Application;
			sourceTree = "<group>";
		};
		847E09A627DF318B0067E936 /* Resources */ = {
			isa = PBXGroup;
			children = (
				847E099727DEFA3C0067E936 /* Assets.xcassets */,
				847E099927DEFA3C0067E936 /* LaunchScreen.storyboard */,
				847E099C27DEFA3C0067E936 /* Info.plist */,
			);
			path = Resources;
			sourceTree = "<group>";
		};
		847E09A727DF31D10067E936 /* Scenes */ = {
			isa = PBXGroup;
			children = (
				847E09BB27E061930067E936 /* MovieDetails */,
				847E09BA27E061710067E936 /* MoviesList */,
			);
			path = Scenes;
			sourceTree = "<group>";
		};
		847E09AA27DF343F0067E936 /* Helpers */ = {
			isa = PBXGroup;
			children = (
				847E09AB27DF344B0067E936 /* RefreshControl.swift */,
			);
			path = Helpers;
			sourceTree = "<group>";
		};
		847E09AF27DF48FA0067E936 /* Models */ = {
			isa = PBXGroup;
			children = (
				847E09A327DF31060067E936 /* PopularMovie.swift */,
				847E09B027DF49120067E936 /* Posters.swift */,
				847E09B827E0546F0067E936 /* Film.swift */,
			);
			path = Models;
			sourceTree = "<group>";
		};
		847E09B227DF49610067E936 /* Remote */ = {
			isa = PBXGroup;
			children = (
				847E09B327DF496E0067E936 /* NetworkManager.swift */,
			);
			path = Remote;
			sourceTree = "<group>";
		};
		847E09B527DF4BB50067E936 /* Utilities */ = {
			isa = PBXGroup;
			children = (
				847E09B627DF4BC50067E936 /* ErrorMessage.swift */,
			);
			path = Utilities;
			sourceTree = "<group>";
		};
		847E09BA27E061710067E936 /* MoviesList */ = {
			isa = PBXGroup;
			children = (
				847E099227DEFA3B0067E936 /* MoviesListViewController.swift */,
				847E09A827DF33A80067E936 /* MoviesTable.swift */,
				847E09AD27DF346E0067E936 /* MoviesCell.swift */,
			);
			path = MoviesList;
			sourceTree = "<group>";
		};
		847E09BB27E061930067E936 /* MovieDetails */ = {
			isa = PBXGroup;
			children = (
				847E09BC27E061AD0067E936 /* MovieDetailsViewController.swift */,
			);
			path = MovieDetails;
			sourceTree = "<group>";
		};
/* End PBXGroup section */

/* Begin PBXNativeTarget section */
		847E098A27DEFA3B0067E936 /* ListMoviesApi */ = {
			isa = PBXNativeTarget;
			buildConfigurationList = 847E099F27DEFA3C0067E936 /* Build configuration list for PBXNativeTarget "ListMoviesApi" */;
			buildPhases = (
				847E098727DEFA3B0067E936 /* Sources */,
				847E098827DEFA3B0067E936 /* Frameworks */,
				847E098927DEFA3B0067E936 /* Resources */,
			);
			buildRules = (
			);
			dependencies = (
			);
			name = ListMoviesApi;
			productName = ListMoviesApi;
			productReference = 847E098B27DEFA3B0067E936 /* ListMoviesApi.app */;
			productType = "com.apple.product-type.application";
		};
/* End PBXNativeTarget section */

/* Begin PBXProject section */
		847E098327DEFA3B0067E936 /* Project object */ = {
			isa = PBXProject;
			attributes = {
				LastSwiftUpdateCheck = 1250;
				LastUpgradeCheck = 1250;
				TargetAttributes = {
					847E098A27DEFA3B0067E936 = {
						CreatedOnToolsVersion = 12.5.1;
					};
				};
			};
			buildConfigurationList = 847E098627DEFA3B0067E936 /* Build configuration list for PBXProject "ListMoviesApi" */;
			compatibilityVersion = "Xcode 9.3";
			developmentRegion = en;
			hasScannedForEncodings = 0;
			knownRegions = (
				en,
				Base,
			);
			mainGroup = 847E098227DEFA3B0067E936;
			productRefGroup = 847E098C27DEFA3B0067E936 /* Products */;
			projectDirPath = "";
			projectRoot = "";
			targets = (
				847E098A27DEFA3B0067E936 /* ListMoviesApi */,
			);
		};
/* End PBXProject section */

/* Begin PBXResourcesBuildPhase section */
		847E098927DEFA3B0067E936 /* Resources */ = {
			isa = PBXResourcesBuildPhase;
			buildActionMask = 2147483647;
			files = (
				847E099B27DEFA3C0067E936 /* LaunchScreen.storyboard in Resources */,
				847E099827DEFA3C0067E936 /* Assets.xcassets in Resources */,
			);
			runOnlyForDeploymentPostprocessing = 0;
		};
/* End PBXResourcesBuildPhase section */

/* Begin PBXSourcesBuildPhase section */
		847E098727DEFA3B0067E936 /* Sources */ = {
			isa = PBXSourcesBuildPhase;
			buildActionMask = 2147483647;
			files = (
				847E09B127DF49120067E936 /* Posters.swift in Sources */,
				847E09BD27E061AD0067E936 /* MovieDetailsViewController.swift in Sources */,
				847E09A927DF33A80067E936 /* MoviesTable.swift in Sources */,
				847E09AC27DF344B0067E936 /* RefreshControl.swift in Sources */,
				847E09AE27DF346E0067E936 /* MoviesCell.swift in Sources */,
				847E099327DEFA3B0067E936 /* MoviesListViewController.swift in Sources */,
				847E09B727DF4BC50067E936 /* ErrorMessage.swift in Sources */,
				847E09A427DF31060067E936 /* PopularMovie.swift in Sources */,
				847E098F27DEFA3B0067E936 /* AppDelegate.swift in Sources */,
				847E09B427DF496E0067E936 /* NetworkManager.swift in Sources */,
				847E09B927E0546F0067E936 /* Film.swift in Sources */,
				847E099127DEFA3B0067E936 /* SceneDelegate.swift in Sources */,
			);
			runOnlyForDeploymentPostprocessing = 0;
		};
/* End PBXSourcesBuildPhase section */

/* Begin PBXVariantGroup section */
		847E099927DEFA3C0067E936 /* LaunchScreen.storyboard */ = {
			isa = PBXVariantGroup;
			children = (
				847E099A27DEFA3C0067E936 /* Base */,
			);
			name = LaunchScreen.storyboard;
			sourceTree = "<group>";
		};
/* End PBXVariantGroup section */

/* Begin XCBuildConfiguration section */
		847E099D27DEFA3C0067E936 /* Debug */ = {
			isa = XCBuildConfiguration;
			buildSettings = {
				ALWAYS_SEARCH_USER_PATHS = NO;
				CLANG_ANALYZER_NONNULL = YES;
				CLANG_ANALYZER_NUMBER_OBJECT_CONVERSION = YES_AGGRESSIVE;
				CLANG_CXX_LANGUAGE_STANDARD = "gnu++14";
				CLANG_CXX_LIBRARY = "libc++";
				CLANG_ENABLE_MODULES = YES;
				CLANG_ENABLE_OBJC_ARC = YES;
				CLANG_ENABLE_OBJC_WEAK = YES;
				CLANG_WARN_BLOCK_CAPTURE_AUTORELEASING = YES;
				CLANG_WARN_BOOL_CONVERSION = YES;
				CLANG_WARN_COMMA = YES;
				CLANG_WARN_CONSTANT_CONVERSION = YES;
				CLANG_WARN_DEPRECATED_OBJC_IMPLEMENTATIONS = YES;
				CLANG_WARN_DIRECT_OBJC_ISA_USAGE = YES_ERROR;
				CLANG_WARN_DOCUMENTATION_COMMENTS = YES;
				CLANG_WARN_EMPTY_BODY = YES;
				CLANG_WARN_ENUM_CONVERSION = YES;
				CLANG_WARN_INFINITE_RECURSION = YES;
				CLANG_WARN_INT_CONVERSION = YES;
				CLANG_WARN_NON_LITERAL_NULL_CONVERSION = YES;
				CLANG_WARN_OBJC_IMPLICIT_RETAIN_SELF = YES;
				CLANG_WARN_OBJC_LITERAL_CONVERSION = YES;
				CLANG_WARN_OBJC_ROOT_CLASS = YES_ERROR;
				CLANG_WARN_QUOTED_INCLUDE_IN_FRAMEWORK_HEADER = YES;
				CLANG_WARN_RANGE_LOOP_ANALYSIS = YES;
				CLANG_WARN_STRICT_PROTOTYPES = YES;
				CLANG_WARN_SUSPICIOUS_MOVE = YES;
				CLANG_WARN_UNGUARDED_AVAILABILITY = YES_AGGRESSIVE;
				CLANG_WARN_UNREACHABLE_CODE = YES;
				CLANG_WARN__DUPLICATE_METHOD_MATCH = YES;
				COPY_PHASE_STRIP = NO;
				DEBUG_INFORMATION_FORMAT = dwarf;
				ENABLE_STRICT_OBJC_MSGSEND = YES;
				ENABLE_TESTABILITY = YES;
				GCC_C_LANGUAGE_STANDARD = gnu11;
				GCC_DYNAMIC_NO_PIC = NO;
				GCC_NO_COMMON_BLOCKS = YES;
				GCC_OPTIMIZATION_LEVEL = 0;
				GCC_PREPROCESSOR_DEFINITIONS = (
					"DEBUG=1",
					"$(inherited)",
				);
				GCC_WARN_64_TO_32_BIT_CONVERSION = YES;
				GCC_WARN_ABOUT_RETURN_TYPE = YES_ERROR;
				GCC_WARN_UNDECLARED_SELECTOR = YES;
				GCC_WARN_UNINITIALIZED_AUTOS = YES_AGGRESSIVE;
				GCC_WARN_UNUSED_FUNCTION = YES;
				GCC_WARN_UNUSED_VARIABLE = YES;
				IPHONEOS_DEPLOYMENT_TARGET = 14.5;
				MTL_ENABLE_DEBUG_INFO = INCLUDE_SOURCE;
				MTL_FAST_MATH = YES;
				ONLY_ACTIVE_ARCH = YES;
				SDKROOT = iphoneos;
				SWIFT_ACTIVE_COMPILATION_CONDITIONS = DEBUG;
				SWIFT_OPTIMIZATION_LEVEL = "-Onone";
			};
			name = Debug;
		};
		847E099E27DEFA3C0067E936 /* Release */ = {
			isa = XCBuildConfiguration;
			buildSettings = {
				ALWAYS_SEARCH_USER_PATHS = NO;
				CLANG_ANALYZER_NONNULL = YES;
				CLANG_ANALYZER_NUMBER_OBJECT_CONVERSION = YES_AGGRESSIVE;
				CLANG_CXX_LANGUAGE_STANDARD = "gnu++14";
				CLANG_CXX_LIBRARY = "libc++";
				CLANG_ENABLE_MODULES = YES;
				CLANG_ENABLE_OBJC_ARC = YES;
				CLANG_ENABLE_OBJC_WEAK = YES;
				CLANG_WARN_BLOCK_CAPTURE_AUTORELEASING = YES;
				CLANG_WARN_BOOL_CONVERSION = YES;
				CLANG_WARN_COMMA = YES;
				CLANG_WARN_CONSTANT_CONVERSION = YES;
				CLANG_WARN_DEPRECATED_OBJC_IMPLEMENTATIONS = YES;
				CLANG_WARN_DIRECT_OBJC_ISA_USAGE = YES_ERROR;
				CLANG_WARN_DOCUMENTATION_COMMENTS = YES;
				CLANG_WARN_EMPTY_BODY = YES;
				CLANG_WARN_ENUM_CONVERSION = YES;
				CLANG_WARN_INFINITE_RECURSION = YES;
				CLANG_WARN_INT_CONVERSION = YES;
				CLANG_WARN_NON_LITERAL_NULL_CONVERSION = YES;
				CLANG_WARN_OBJC_IMPLICIT_RETAIN_SELF = YES;
				CLANG_WARN_OBJC_LITERAL_CONVERSION = YES;
				CLANG_WARN_OBJC_ROOT_CLASS = YES_ERROR;
				CLANG_WARN_QUOTED_INCLUDE_IN_FRAMEWORK_HEADER = YES;
				CLANG_WARN_RANGE_LOOP_ANALYSIS = YES;
				CLANG_WARN_STRICT_PROTOTYPES = YES;
				CLANG_WARN_SUSPICIOUS_MOVE = YES;
				CLANG_WARN_UNGUARDED_AVAILABILITY = YES_AGGRESSIVE;
				CLANG_WARN_UNREACHABLE_CODE = YES;
				CLANG_WARN__DUPLICATE_METHOD_MATCH = YES;
				COPY_PHASE_STRIP = NO;
				DEBUG_INFORMATION_FORMAT = "dwarf-with-dsym";
				ENABLE_NS_ASSERTIONS = NO;
				ENABLE_STRICT_OBJC_MSGSEND = YES;
				GCC_C_LANGUAGE_STANDARD = gnu11;
				GCC_NO_COMMON_BLOCKS = YES;
				GCC_WARN_64_TO_32_BIT_CONVERSION = YES;
				GCC_WARN_ABOUT_RETURN_TYPE = YES_ERROR;
				GCC_WARN_UNDECLARED_SELECTOR = YES;
				GCC_WARN_UNINITIALIZED_AUTOS = YES_AGGRESSIVE;
				GCC_WARN_UNUSED_FUNCTION = YES;
				GCC_WARN_UNUSED_VARIABLE = YES;
				IPHONEOS_DEPLOYMENT_TARGET = 14.5;
				MTL_ENABLE_DEBUG_INFO = NO;
				MTL_FAST_MATH = YES;
				SDKROOT = iphoneos;
				SWIFT_COMPILATION_MODE = wholemodule;
				SWIFT_OPTIMIZATION_LEVEL = "-O";
				VALIDATE_PRODUCT = YES;
			};
			name = Release;
		};
		847E09A027DEFA3C0067E936 /* Debug */ = {
			isa = XCBuildConfiguration;
			buildSettings = {
				ASSETCATALOG_COMPILER_APPICON_NAME = AppIcon;
				ASSETCATALOG_COMPILER_GLOBAL_ACCENT_COLOR_NAME = AccentColor;
				CODE_SIGN_STYLE = Automatic;
				DEVELOPMENT_TEAM = PZRD3MXDYZ;
				INFOPLIST_FILE = ListMoviesApi/Resources/Info.plist;
				LD_RUNPATH_SEARCH_PATHS = (
					"$(inherited)",
					"@executable_path/Frameworks",
				);
				PRODUCT_BUNDLE_IDENTIFIER = testPavel.ListMoviesApi;
				PRODUCT_NAME = "$(TARGET_NAME)";
				SWIFT_VERSION = 5.0;
				TARGETED_DEVICE_FAMILY = "1,2";
			};
			name = Debug;
		};
		847E09A127DEFA3C0067E936 /* Release */ = {
			isa = XCBuildConfiguration;
			buildSettings = {
				ASSETCATALOG_COMPILER_APPICON_NAME = AppIcon;
				ASSETCATALOG_COMPILER_GLOBAL_ACCENT_COLOR_NAME = AccentColor;
				CODE_SIGN_STYLE = Automatic;
				DEVELOPMENT_TEAM = PZRD3MXDYZ;
				INFOPLIST_FILE = ListMoviesApi/Resources/Info.plist;
				LD_RUNPATH_SEARCH_PATHS = (
					"$(inherited)",
					"@executable_path/Frameworks",
				);
				PRODUCT_BUNDLE_IDENTIFIER = testPavel.ListMoviesApi;
				PRODUCT_NAME = "$(TARGET_NAME)";
				SWIFT_VERSION = 5.0;
				TARGETED_DEVICE_FAMILY = "1,2";
			};
			name = Release;
		};
/* End XCBuildConfiguration section */

/* Begin XCConfigurationList section */
		847E098627DEFA3B0067E936 /* Build configuration list for PBXProject "ListMoviesApi" */ = {
			isa = XCConfigurationList;
			buildConfigurations = (
				847E099D27DEFA3C0067E936 /* Debug */,
				847E099E27DEFA3C0067E936 /* Release */,
			);
			defaultConfigurationIsVisible = 0;
			defaultConfigurationName = Release;
		};
		847E099F27DEFA3C0067E936 /* Build configuration list for PBXNativeTarget "ListMoviesApi" */ = {
			isa = XCConfigurationList;
			buildConfigurations = (
				847E09A027DEFA3C0067E936 /* Debug */,
				847E09A127DEFA3C0067E936 /* Release */,
			);
			defaultConfigurationIsVisible = 0;
			defaultConfigurationName = Release;
		};
/* End XCConfigurationList section */
	};
	rootObject = 847E098327DEFA3B0067E936 /* Project object */;
}
